
Microsoft Visual Studio Solution File, Format Version 12.00
# Visual Studio Version 16
VisualStudioVersion = 16.0.30404.54
MinimumVisualStudioVersion = 10.0.40219.1
Project("{9A19103F-16F7-4668-BE54-9A1E7A4F7556}") = "demo", "demo\demo.csproj", "{C0E63E0F-33B2-4933-98C2-055E1A42737F}"
EndProject
Project("{FAE04EC0-301F-11D3-BF4B-00C04F79EFBC}") = "demofx", "demofx\demofx.csproj", "{A46C0052-01B9-4983-B429-594FAB9A5DF3}"
EndProject
Global
	GlobalSection(SolutionConfigurationPlatforms) = preSolution
		Debug|Any CPU = Debug|Any CPU
		Release|Any CPU = Release|Any CPU
	EndGlobalSection
	GlobalSection(ProjectConfigurationPlatforms) = postSolution
		{C0E63E0F-33B2-4933-98C2-055E1A42737F}.Debug|Any CPU.ActiveCfg = Debug|Any CPU
		{C0E63E0F-33B2-4933-98C2-055E1A42737F}.Debug|Any CPU.Build.0 = Debug|Any CPU
		{C0E63E0F-33B2-4933-98C2-055E1A42737F}.Release|Any CPU.ActiveCfg = Release|Any CPU
		{C0E63E0F-33B2-4933-98C2-055E1A42737F}.Release|Any CPU.Build.0 = Release|Any CPU
		{A46C0052-01B9-4983-B429-594FAB9A5DF3}.Debug|Any CPU.ActiveCfg = Debug|Any CPU
		{A46C0052-01B9-4983-B429-594FAB9A5DF3}.Debug|Any CPU.Build.0 = Debug|Any CPU
		{A46C0052-01B9-4983-B429-594FAB9A5DF3}.Release|Any CPU.ActiveCfg = Release|Any CPU
		{A46C0052-01B9-4983-B429-594FAB9A5DF3}.Release|Any CPU.Build.0 = Release|Any CPU
	EndGlobalSection
	GlobalSection(SolutionProperties) = preSolution
		HideSolutionNode = FALSE
	EndGlobalSection
	GlobalSection(ExtensibilityGlobals) = postSolution
		SolutionGuid = {645F8A6F-1CF6-4176-BEA9-96F9CB397658}
	EndGlobalSection
EndGlobal
